// !$*UTF8*$!
{
	archiveVersion = 1;
	classes = {
	};
	objectVersion = 46;
	objects = {

/* Begin PBXBuildFile section */
		EF439E111D294FC200BA144F /* main.m in Sources */ = {isa = PBXBuildFile; fileRef = EF439E101D294FC200BA144F /* main.m */; };
		EF439E141D294FC200BA144F /* AppDelegate.m in Sources */ = {isa = PBXBuildFile; fileRef = EF439E131D294FC200BA144F /* AppDelegate.m */; };
		EF439E171D294FC200BA144F /* ViewController.m in Sources */ = {isa = PBXBuildFile; fileRef = EF439E161D294FC200BA144F /* ViewController.m */; };
		EF439E1A1D294FC200BA144F /* Main.storyboard in Resources */ = {isa = PBXBuildFile; fileRef = EF439E181D294FC200BA144F /* Main.storyboard */; };
		EF439E1C1D294FC200BA144F /* Assets.xcassets in Resources */ = {isa = PBXBuildFile; fileRef = EF439E1B1D294FC200BA144F /* Assets.xcassets */; };
		EF439E1F1D294FC200BA144F /* LaunchScreen.storyboard in Resources */ = {isa = PBXBuildFile; fileRef = EF439E1D1D294FC200BA144F /* LaunchScreen.storyboard */; };
		EF439E2A1D294FC200BA144F /* FlightTests.m in Sources */ = {isa = PBXBuildFile; fileRef = EF439E291D294FC200BA144F /* FlightTests.m */; };
		EF439E351D294FC200BA144F /* FlightUITests.m in Sources */ = {isa = PBXBuildFile; fileRef = EF439E341D294FC200BA144F /* FlightUITests.m */; };
/* End PBXBuildFile section */

/* Begin PBXContainerItemProxy section */
		EF439E261D294FC200BA144F /* PBXContainerItemProxy */ = {
			isa = PBXContainerItemProxy;
			containerPortal = EF439E041D294FC100BA144F /* Project object */;
			proxyType = 1;
			remoteGlobalIDString = EF439E0B1D294FC100BA144F;
			remoteInfo = Flight;
		};
		EF439E311D294FC200BA144F /* PBXContainerItemProxy */ = {
			isa = PBXContainerItemProxy;
			containerPortal = EF439E041D294FC100BA144F /* Project object */;
			proxyType = 1;
			remoteGlobalIDString = EF439E0B1D294FC100BA144F;
			remoteInfo = Flight;
		};
/* End PBXContainerItemProxy section */

/* Begin PBXFileReference section */
		EF439E0C1D294FC100BA144F /* Flight.app */ = {isa = PBXFileReference; explicitFileType = wrapper.application; includeInIndex = 0; path = Flight.app; sourceTree = BUILT_PRODUCTS_DIR; };
		EF439E101D294FC200BA144F /* main.m */ = {isa = PBXFileReference; lastKnownFileType = sourcecode.c.objc; path = main.m; sourceTree = "<group>"; };
		EF439E121D294FC200BA144F /* AppDelegate.h */ = {isa = PBXFileReference; lastKnownFileType = sourcecode.c.h; path = AppDelegate.h; sourceTree = "<group>"; };
		EF439E131D294FC200BA144F /* AppDelegate.m */ = {isa = PBXFileReference; lastKnownFileType = sourcecode.c.objc; path = AppDelegate.m; sourceTree = "<group>"; };
		EF439E151D294FC200BA144F /* ViewController.h */ = {isa = PBXFileReference; lastKnownFileType = sourcecode.c.h; path = ViewController.h; sourceTree = "<group>"; };
		EF439E161D294FC200BA144F /* ViewController.m */ = {isa = PBXFileReference; lastKnownFileType = sourcecode.c.objc; path = ViewController.m; sourceTree = "<group>"; };
		EF439E191D294FC200BA144F /* Base */ = {isa = PBXFileReference; lastKnownFileType = file.storyboard; name = Base; path = Base.lproj/Main.storyboard; sourceTree = "<group>"; };
		EF439E1B1D294FC200BA144F /* Assets.xcassets */ = {isa = PBXFileReference; lastKnownFileType = folder.assetcatalog; path = Assets.xcassets; sourceTree = "<group>"; };
		EF439E1E1D294FC200BA144F /* Base */ = {isa = PBXFileReference; lastKnownFileType = file.storyboard; name = Base; path = Base.lproj/LaunchScreen.storyboard; sourceTree = "<group>"; };
		EF439E201D294FC200BA144F /* Info.plist */ = {isa = PBXFileReference; lastKnownFileType = text.plist.xml; path = Info.plist; sourceTree = "<group>"; };
		EF439E251D294FC200BA144F /* FlightTests.xctest */ = {isa = PBXFileReference; explicitFileType = wrapper.cfbundle; includeInIndex = 0; path = FlightTests.xctest; sourceTree = BUILT_PRODUCTS_DIR; };
		EF439E291D294FC200BA144F /* FlightTests.m */ = {isa = PBXFileReference; lastKnownFileType = sourcecode.c.objc; path = FlightTests.m; sourceTree = "<group>"; };
		EF439E2B1D294FC200BA144F /* Info.plist */ = {isa = PBXFileReference; lastKnownFileType = text.plist.xml; path = Info.plist; sourceTree = "<group>"; };
		EF439E301D294FC200BA144F /* FlightUITests.xctest */ = {isa = PBXFileReference; explicitFileType = wrapper.cfbundle; includeInIndex = 0; path = FlightUITests.xctest; sourceTree = BUILT_PRODUCTS_DIR; };
		EF439E341D294FC200BA144F /* FlightUITests.m */ = {isa = PBXFileReference; lastKnownFileType = sourcecode.c.objc; path = FlightUITests.m; sourceTree = "<group>"; };
		EF439E361D294FC200BA144F /* Info.plist */ = {isa = PBXFileReference; lastKnownFileType = text.plist.xml; path = Info.plist; sourceTree = "<group>"; };
/* End PBXFileReference section */

/* Begin PBXFrameworksBuildPhase section */
		EF439E091D294FC100BA144F /* Frameworks */ = {
			isa = PBXFrameworksBuildPhase;
			buildActionMask = 2147483647;
			files = (
			);
			runOnlyForDeploymentPostprocessing = 0;
		};
		EF439E221D294FC200BA144F /* Frameworks */ = {
			isa = PBXFrameworksBuildPhase;
			buildActionMask = 2147483647;
			files = (
			);
			runOnlyForDeploymentPostprocessing = 0;
		};
		EF439E2D1D294FC200BA144F /* Frameworks */ = {
			isa = PBXFrameworksBuildPhase;
			buildActionMask = 2147483647;
			files = (
			);
			runOnlyForDeploymentPostprocessing = 0;
		};
/* End PBXFrameworksBuildPhase section */

/* Begin PBXGroup section */
		EF439E031D294FC100BA144F = {
			isa = PBXGroup;
			children = (
				EF439E0E1D294FC200BA144F /* Flight */,
				EF439E281D294FC200BA144F /* FlightTests */,
				EF439E331D294FC200BA144F /* FlightUITests */,
				EF439E0D1D294FC100BA144F /* Products */,
			);
			sourceTree = "<group>";
		};
		EF439E0D1D294FC100BA144F /* Products */ = {
			isa = PBXGroup;
			children = (
				EF439E0C1D294FC100BA144F /* Flight.app */,
				EF439E251D294FC200BA144F /* FlightTests.xctest */,
				EF439E301D294FC200BA144F /* FlightUITests.xctest */,
			);
			name = Products;
			sourceTree = "<group>";
		};
		EF439E0E1D294FC200BA144F /* Flight */ = {
			isa = PBXGroup;
			children = (
				EF439E121D294FC200BA144F /* AppDelegate.h */,
				EF439E131D294FC200BA144F /* AppDelegate.m */,
				EF439E151D294FC200BA144F /* ViewController.h */,
				EF439E161D294FC200BA144F /* ViewController.m */,
				EF439E181D294FC200BA144F /* Main.storyboard */,
				EF439E1B1D294FC200BA144F /* Assets.xcassets */,
				EF439E1D1D294FC200BA144F /* LaunchScreen.storyboard */,
				EF439E201D294FC200BA144F /* Info.plist */,
				EF439E0F1D294FC200BA144F /* Supporting Files */,
			);
			path = Flight;
			sourceTree = "<group>";
		};
		EF439E0F1D294FC200BA144F /* Supporting Files */ = {
			isa = PBXGroup;
			children = (
				EF439E101D294FC200BA144F /* main.m */,
			);
			name = "Supporting Files";
			sourceTree = "<group>";
		};
		EF439E281D294FC200BA144F /* FlightTests */ = {
			isa = PBXGroup;
			children = (
				EF439E291D294FC200BA144F /* FlightTests.m */,
				EF439E2B1D294FC200BA144F /* Info.plist */,
			);
			path = FlightTests;
			sourceTree = "<group>";
		};
		EF439E331D294FC200BA144F /* FlightUITests */ = {
			isa = PBXGroup;
			children = (
				EF439E341D294FC200BA144F /* FlightUITests.m */,
				EF439E361D294FC200BA144F /* Info.plist */,
			);
			path = FlightUITests;
			sourceTree = "<group>";
		};
/* End PBXGroup section */

/* Begin PBXNativeTarget section */
		EF439E0B1D294FC100BA144F /* Flight */ = {
			isa = PBXNativeTarget;
			buildConfigurationList = EF439E391D294FC200BA144F /* Build configuration list for PBXNativeTarget "Flight" */;
			buildPhases = (
				EF439E081D294FC100BA144F /* Sources */,
				EF439E091D294FC100BA144F /* Frameworks */,
				EF439E0A1D294FC100BA144F /* Resources */,
			);
			buildRules = (
			);
			dependencies = (
			);
			name = Flight;
			productName = Flight;
			productReference = EF439E0C1D294FC100BA144F /* Flight.app */;
			productType = "com.apple.product-type.application";
		};
		EF439E241D294FC200BA144F /* FlightTests */ = {
			isa = PBXNativeTarget;
			buildConfigurationList = EF439E3C1D294FC200BA144F /* Build configuration list for PBXNativeTarget "FlightTests" */;
			buildPhases = (
				EF439E211D294FC200BA144F /* Sources */,
				EF439E221D294FC200BA144F /* Frameworks */,
				EF439E231D294FC200BA144F /* Resources */,
			);
			buildRules = (
			);
			dependencies = (
				EF439E271D294FC200BA144F /* PBXTargetDependency */,
			);
			name = FlightTests;
			productName = FlightTests;
			productReference = EF439E251D294FC200BA144F /* FlightTests.xctest */;
			productType = "com.apple.product-type.bundle.unit-test";
		};
		EF439E2F1D294FC200BA144F /* FlightUITests */ = {
			isa = PBXNativeTarget;
			buildConfigurationList = EF439E3F1D294FC200BA144F /* Build configuration list for PBXNativeTarget "FlightUITests" */;
			buildPhases = (
				EF439E2C1D294FC200BA144F /* Sources */,
				EF439E2D1D294FC200BA144F /* Frameworks */,
				EF439E2E1D294FC200BA144F /* Resources */,
			);
			buildRules = (
			);
			dependencies = (
				EF439E321D294FC200BA144F /* PBXTargetDependency */,
			);
			name = FlightUITests;
			productName = FlightUITests;
			productReference = EF439E301D294FC200BA144F /* FlightUITests.xctest */;
			productType = "com.apple.product-type.bundle.ui-testing";
		};
/* End PBXNativeTarget section */

/* Begin PBXProject section */
		EF439E041D294FC100BA144F /* Project object */ = {
			isa = PBXProject;
			attributes = {
				LastUpgradeCheck = 0730;
				ORGANIZATIONNAME = qinisky;
				TargetAttributes = {
					EF439E0B1D294FC100BA144F = {
						CreatedOnToolsVersion = 7.3;
					};
					EF439E241D294FC200BA144F = {
						CreatedOnToolsVersion = 7.3;
						TestTargetID = EF439E0B1D294FC100BA144F;
					};
					EF439E2F1D294FC200BA144F = {
						CreatedOnToolsVersion = 7.3;
						TestTargetID = EF439E0B1D294FC100BA144F;
					};
				};
			};
			buildConfigurationList = EF439E071D294FC100BA144F /* Build configuration list for PBXProject "Flight" */;
			compatibilityVersion = "Xcode 3.2";
			developmentRegion = English;
			hasScannedForEncodings = 0;
			knownRegions = (
				en,
				Base,
			);
			mainGroup = EF439E031D294FC100BA144F;
			productRefGroup = EF439E0D1D294FC100BA144F /* Products */;
			projectDirPath = "";
			projectRoot = "";
			targets = (
				EF439E0B1D294FC100BA144F /* Flight */,
				EF439E241D294FC200BA144F /* FlightTests */,
				EF439E2F1D294FC200BA144F /* FlightUITests */,
			);
		};
/* End PBXProject section */

/* Begin PBXResourcesBuildPhase section */
		EF439E0A1D294FC100BA144F /* Resources */ = {
			isa = PBXResourcesBuildPhase;
			buildActionMask = 2147483647;
			files = (
				EF439E1F1D294FC200BA144F /* LaunchScreen.storyboard in Resources */,
				EF439E1C1D294FC200BA144F /* Assets.xcassets in Resources */,
				EF439E1A1D294FC200BA144F /* Main.storyboard in Resources */,
			);
			runOnlyForDeploymentPostprocessing = 0;
		};
		EF439E231D294FC200BA144F /* Resources */ = {
			isa = PBXResourcesBuildPhase;
			buildActionMask = 2147483647;
			files = (
			);
			runOnlyForDeploymentPostprocessing = 0;
		};
		EF439E2E1D294FC200BA144F /* Resources */ = {
			isa = PBXResourcesBuildPhase;
			buildActionMask = 2147483647;
			files = (
			);
			runOnlyForDeploymentPostprocessing = 0;
		};
/* End PBXResourcesBuildPhase section */

/* Begin PBXSourcesBuildPhase section */
		EF439E081D294FC100BA144F /* Sources */ = {
			isa = PBXSourcesBuildPhase;
			buildActionMask = 2147483647;
			files = (
				EF439E171D294FC200BA144F /* ViewController.m in Sources */,
				EF439E141D294FC200BA144F /* AppDelegate.m in Sources */,
				EF439E111D294FC200BA144F /* main.m in Sources */,
			);
			runOnlyForDeploymentPostprocessing = 0;
		};
		EF439E211D294FC200BA144F /* Sources */ = {
			isa = PBXSourcesBuildPhase;
			buildActionMask = 2147483647;
			files = (
				EF439E2A1D294FC200BA144F /* FlightTests.m in Sources */,
			);
			runOnlyForDeploymentPostprocessing = 0;
		};
		EF439E2C1D294FC200BA144F /* Sources */ = {
			isa = PBXSourcesBuildPhase;
			buildActionMask = 2147483647;
			files = (
				EF439E351D294FC200BA144F /* FlightUITests.m in Sources */,
			);
			runOnlyForDeploymentPostprocessing = 0;
		};
/* End PBXSourcesBuildPhase section */

/* Begin PBXTargetDependency section */
		EF439E271D294FC200BA144F /* PBXTargetDependency */ = {
			isa = PBXTargetDependency;
			target = EF439E0B1D294FC100BA144F /* Flight */;
			targetProxy = EF439E261D294FC200BA144F /* PBXContainerItemProxy */;
		};
		EF439E321D294FC200BA144F /* PBXTargetDependency */ = {
			isa = PBXTargetDependency;
			target = EF439E0B1D294FC100BA144F /* Flight */;
			targetProxy = EF439E311D294FC200BA144F /* PBXContainerItemProxy */;
		};
/* End PBXTargetDependency section */

/* Begin PBXVariantGroup section */
		EF439E181D294FC200BA144F /* Main.storyboard */ = {
			isa = PBXVariantGroup;
			children = (
				EF439E191D294FC200BA144F /* Base */,
			);
			name = Main.storyboard;
			sourceTree = "<group>";
		};
		EF439E1D1D294FC200BA144F /* LaunchScreen.storyboard */ = {
			isa = PBXVariantGroup;
			children = (
				EF439E1E1D294FC200BA144F /* Base */,
			);
			name = LaunchScreen.storyboard;
			sourceTree = "<group>";
		};
/* End PBXVariantGroup section */

/* Begin XCBuildConfiguration section */
		EF439E371D294FC200BA144F /* Debug */ = {
			isa = XCBuildConfiguration;
			buildSettings = {
				ALWAYS_SEARCH_USER_PATHS = NO;
				CLANG_ANALYZER_NONNULL = YES;
				CLANG_CXX_LANGUAGE_STANDARD = "gnu++0x";
				CLANG_CXX_LIBRARY = "libc++";
				CLANG_ENABLE_MODULES = YES;
				CLANG_ENABLE_OBJC_ARC = YES;
				CLANG_WARN_BOOL_CONVERSION = YES;
				CLANG_WARN_CONSTANT_CONVERSION = YES;
				CLANG_WARN_DIRECT_OBJC_ISA_USAGE = YES_ERROR;
				CLANG_WARN_EMPTY_BODY = YES;
				CLANG_WARN_ENUM_CONVERSION = YES;
				CLANG_WARN_INT_CONVERSION = YES;
				CLANG_WARN_OBJC_ROOT_CLASS = YES_ERROR;
				CLANG_WARN_UNREACHABLE_CODE = YES;
				CLANG_WARN__DUPLICATE_METHOD_MATCH = YES;
				"CODE_SIGN_IDENTITY[sdk=iphoneos*]" = "iPhone Developer";
				COPY_PHASE_STRIP = NO;
				DEBUG_INFORMATION_FORMAT = dwarf;
				ENABLE_STRICT_OBJC_MSGSEND = YES;
				ENABLE_TESTABILITY = YES;
				GCC_C_LANGUAGE_STANDARD = gnu99;
				GCC_DYNAMIC_NO_PIC = NO;
				GCC_NO_COMMON_BLOCKS = YES;
				GCC_OPTIMIZATION_LEVEL = 0;
				GCC_PREPROCESSOR_DEFINITIONS = (
					"DEBUG=1",
					"$(inherited)",
				);
				GCC_WARN_64_TO_32_BIT_CONVERSION = YES;
				GCC_WARN_ABOUT_RETURN_TYPE = YES_ERROR;
				GCC_WARN_UNDECLARED_SELECTOR = YES;
				GCC_WARN_UNINITIALIZED_AUTOS = YES_AGGRESSIVE;
				GCC_WARN_UNUSED_FUNCTION = YES;
				GCC_WARN_UNUSED_VARIABLE = YES;
				IPHONEOS_DEPLOYMENT_TARGET = 9.3;
				MTL_ENABLE_DEBUG_INFO = YES;
				ONLY_ACTIVE_ARCH = YES;
				SDKROOT = iphoneos;
			};
			name = Debug;
		};
		EF439E381D294FC200BA144F /* Release */ = {
			isa = XCBuildConfiguration;
			buildSettings = {
				ALWAYS_SEARCH_USER_PATHS = NO;
				CLANG_ANALYZER_NONNULL = YES;
				CLANG_CXX_LANGUAGE_STANDARD = "gnu++0x";
				CLANG_CXX_LIBRARY = "libc++";
				CLANG_ENABLE_MODULES = YES;
				CLANG_ENABLE_OBJC_ARC = YES;
				CLANG_WARN_BOOL_CONVERSION = YES;
				CLANG_WARN_CONSTANT_CONVERSION = YES;
				CLANG_WARN_DIRECT_OBJC_ISA_USAGE = YES_ERROR;
				CLANG_WARN_EMPTY_BODY = YES;
				CLANG_WARN_ENUM_CONVERSION = YES;
				CLANG_WARN_INT_CONVERSION = YES;
				CLANG_WARN_OBJC_ROOT_CLASS = YES_ERROR;
				CLANG_WARN_UNREACHABLE_CODE = YES;
				CLANG_WARN__DUPLICATE_METHOD_MATCH = YES;
				"CODE_SIGN_IDENTITY[sdk=iphoneos*]" = "iPhone Developer";
				COPY_PHASE_STRIP = NO;
				DEBUG_INFORMATION_FORMAT = "dwarf-with-dsym";
				ENABLE_NS_ASSERTIONS = NO;
				ENABLE_STRICT_OBJC_MSGSEND = YES;
				GCC_C_LANGUAGE_STANDARD = gnu99;
				GCC_NO_COMMON_BLOCKS = YES;
				GCC_WARN_64_TO_32_BIT_CONVERSION = YES;
				GCC_WARN_ABOUT_RETURN_TYPE = YES_ERROR;
				GCC_WARN_UNDECLARED_SELECTOR = YES;
				GCC_WARN_UNINITIALIZED_AUTOS = YES_AGGRESSIVE;
				GCC_WARN_UNUSED_FUNCTION = YES;
				GCC_WARN_UNUSED_VARIABLE = YES;
				IPHONEOS_DEPLOYMENT_TARGET = 9.3;
				MTL_ENABLE_DEBUG_INFO = NO;
				SDKROOT = iphoneos;
				VALIDATE_PRODUCT = YES;
			};
			name = Release;
		};
		EF439E3A1D294FC200BA144F /* Debug */ = {
			isa = XCBuildConfiguration;
			buildSettings = {
				ASSETCATALOG_COMPILER_APPICON_NAME = AppIcon;
				INFOPLIST_FILE = Flight/Info.plist;
				LD_RUNPATH_SEARCH_PATHS = "$(inherited) @executable_path/Frameworks";
				PRODUCT_BUNDLE_IDENTIFIER = qinisky.com.Flight;
				PRODUCT_NAME = "$(TARGET_NAME)";
			};
			name = Debug;
		};
		EF439E3B1D294FC200BA144F /* Release */ = {
			isa = XCBuildConfiguration;
			buildSettings = {
				ASSETCATALOG_COMPILER_APPICON_NAME = AppIcon;
				INFOPLIST_FILE = Flight/Info.plist;
				LD_RUNPATH_SEARCH_PATHS = "$(inherited) @executable_path/Frameworks";
				PRODUCT_BUNDLE_IDENTIFIER = qinisky.com.Flight;
				PRODUCT_NAME = "$(TARGET_NAME)";
			};
			name = Release;
		};
		EF439E3D1D294FC200BA144F /* Debug */ = {
			isa = XCBuildConfiguration;
			buildSettings = {
				BUNDLE_LOADER = "$(TEST_HOST)";
				INFOPLIST_FILE = FlightTests/Info.plist;
				LD_RUNPATH_SEARCH_PATHS = "$(inherited) @executable_path/Frameworks @loader_path/Frameworks";
				PRODUCT_BUNDLE_IDENTIFIER = qinisky.com.FlightTests;
				PRODUCT_NAME = "$(TARGET_NAME)";
				TEST_HOST = "$(BUILT_PRODUCTS_DIR)/Flight.app/Flight";
			};
			name = Debug;
		};
		EF439E3E1D294FC200BA144F /* Release */ = {
			isa = XCBuildConfiguration;
			buildSettings = {
				BUNDLE_LOADER = "$(TEST_HOST)";
				INFOPLIST_FILE = FlightTests/Info.plist;
				LD_RUNPATH_SEARCH_PATHS = "$(inherited) @executable_path/Frameworks @loader_path/Frameworks";
				PRODUCT_BUNDLE_IDENTIFIER = qinisky.com.FlightTests;
				PRODUCT_NAME = "$(TARGET_NAME)";
				TEST_HOST = "$(BUILT_PRODUCTS_DIR)/Flight.app/Flight";
			};
			name = Release;
		};
		EF439E401D294FC200BA144F /* Debug */ = {
			isa = XCBuildConfiguration;
			buildSettings = {
				INFOPLIST_FILE = FlightUITests/Info.plist;
				LD_RUNPATH_SEARCH_PATHS = "$(inherited) @executable_path/Frameworks @loader_path/Frameworks";
				PRODUCT_BUNDLE_IDENTIFIER = qinisky.com.FlightUITests;
				PRODUCT_NAME = "$(TARGET_NAME)";
				TEST_TARGET_NAME = Flight;
			};
			name = Debug;
		};
		EF439E411D294FC200BA144F /* Release */ = {
			isa = XCBuildConfiguration;
			buildSettings = {
				INFOPLIST_FILE = FlightUITests/Info.plist;
				LD_RUNPATH_SEARCH_PATHS = "$(inherited) @executable_path/Frameworks @loader_path/Frameworks";
				PRODUCT_BUNDLE_IDENTIFIER = qinisky.com.FlightUITests;
				PRODUCT_NAME = "$(TARGET_NAME)";
				TEST_TARGET_NAME = Flight;
			};
			name = Release;
		};
/* End XCBuildConfiguration section */

/* Begin XCConfigurationList section */
		EF439E071D294FC100BA144F /* Build configuration list for PBXProject "Flight" */ = {
			isa = XCConfigurationList;
			buildConfigurations = (
				EF439E371D294FC200BA144F /* Debug */,
				EF439E381D294FC200BA144F /* Release */,
			);
			defaultConfigurationIsVisible = 0;
			defaultConfigurationName = Release;
		};
		EF439E391D294FC200BA144F /* Build configuration list for PBXNativeTarget "Flight" */ = {
			isa = XCConfigurationList;
			buildConfigurations = (
				EF439E3A1D294FC200BA144F /* Debug */,
				EF439E3B1D294FC200BA144F /* Release */,
			);
			defaultConfigurationIsVisible = 0;
		};
		EF439E3C1D294FC200BA144F /* Build configuration list for PBXNativeTarget "FlightTests" */ = {
			isa = XCConfigurationList;
			buildConfigurations = (
				EF439E3D1D294FC200BA144F /* Debug */,
				EF439E3E1D294FC200BA144F /* Release */,
			);
			defaultConfigurationIsVisible = 0;
		};
		EF439E3F1D294FC200BA144F /* Build configuration list for PBXNativeTarget "FlightUITests" */ = {
			isa = XCConfigurationList;
			buildConfigurations = (
				EF439E401D294FC200BA144F /* Debug */,
				EF439E411D294FC200BA144F /* Release */,
			);
			defaultConfigurationIsVisible = 0;
		};
/* End XCConfigurationList section */
	};
	rootObject = EF439E041D294FC100BA144F /* Project object */;
}
